
Microsoft Visual Studio Solution File, Format Version 12.00
# Visual Studio 15
VisualStudioVersion = 15.0.27130.2003
MinimumVisualStudioVersion = 10.0.40219.1
Project("{FAE04EC0-301F-11D3-BF4B-00C04F79EFBC}") = "ListViewPractice.Android", "ListViewPractice\ListViewPractice.Android\ListViewPractice.Android.csproj", "{CFF500B8-DCEE-4AB9-B0A2-4E90ED36D242}"
EndProject
Project("{FAE04EC0-301F-11D3-BF4B-00C04F79EFBC}") = "ListViewPractice.iOS", "ListViewPractice\ListViewPractice.iOS\ListViewPractice.iOS.csproj", "{CDA8038E-7472-40AC-89ED-F9F8122D5294}"
EndProject
Project("{FAE04EC0-301F-11D3-BF4B-00C04F79EFBC}") = "ListViewPractice", "ListViewPractice\ListViewPractice\ListViewPractice.csproj", "{F245D332-591A-4B29-83D7-C9DEEDABD552}"
EndProject
Global
	GlobalSection(SolutionConfigurationPlatforms) = preSolution
		Ad-Hoc|Any CPU = Ad-Hoc|Any CPU
		Ad-Hoc|iPhone = Ad-Hoc|iPhone
		Ad-Hoc|iPhoneSimulator = Ad-Hoc|iPhoneSimulator
		AppStore|Any CPU = AppStore|Any CPU
		AppStore|iPhone = AppStore|iPhone
		AppStore|iPhoneSimulator = AppStore|iPhoneSimulator
		Debug|Any CPU = Debug|Any CPU
		Debug|iPhone = Debug|iPhone
		Debug|iPhoneSimulator = Debug|iPhoneSimulator
		Release|Any CPU = Release|Any CPU
		Release|iPhone = Release|iPhone
		Release|iPhoneSimulator = Release|iPhoneSimulator
	EndGlobalSection
	GlobalSection(ProjectConfigurationPlatforms) = postSolution
		{CFF500B8-DCEE-4AB9-B0A2-4E90ED36D242}.Ad-Hoc|Any CPU.ActiveCfg = Release|Any CPU
		{CFF500B8-DCEE-4AB9-B0A2-4E90ED36D242}.Ad-Hoc|Any CPU.Build.0 = Release|Any CPU
		{CFF500B8-DCEE-4AB9-B0A2-4E90ED36D242}.Ad-Hoc|Any CPU.Deploy.0 = Release|Any CPU
		{CFF500B8-DCEE-4AB9-B0A2-4E90ED36D242}.Ad-Hoc|iPhone.ActiveCfg = Release|Any CPU
		{CFF500B8-DCEE-4AB9-B0A2-4E90ED36D242}.Ad-Hoc|iPhone.Build.0 = Release|Any CPU
		{CFF500B8-DCEE-4AB9-B0A2-4E90ED36D242}.Ad-Hoc|iPhone.Deploy.0 = Release|Any CPU
		{CFF500B8-DCEE-4AB9-B0A2-4E90ED36D242}.Ad-Hoc|iPhoneSimulator.ActiveCfg = Release|Any CPU
		{CFF500B8-DCEE-4AB9-B0A2-4E90ED36D242}.Ad-Hoc|iPhoneSimulator.Build.0 = Release|Any CPU
		{CFF500B8-DCEE-4AB9-B0A2-4E90ED36D242}.Ad-Hoc|iPhoneSimulator.Deploy.0 = Release|Any CPU
		{CFF500B8-DCEE-4AB9-B0A2-4E90ED36D242}.AppStore|Any CPU.ActiveCfg = Release|Any CPU
		{CFF500B8-DCEE-4AB9-B0A2-4E90ED36D242}.AppStore|Any CPU.Build.0 = Release|Any CPU
		{CFF500B8-DCEE-4AB9-B0A2-4E90ED36D242}.AppStore|Any CPU.Deploy.0 = Release|Any CPU
		{CFF500B8-DCEE-4AB9-B0A2-4E90ED36D242}.AppStore|iPhone.ActiveCfg = Release|Any CPU
		{CFF500B8-DCEE-4AB9-B0A2-4E90ED36D242}.AppStore|iPhone.Build.0 = Release|Any CPU
		{CFF500B8-DCEE-4AB9-B0A2-4E90ED36D242}.AppStore|iPhone.Deploy.0 = Release|Any CPU
		{CFF500B8-DCEE-4AB9-B0A2-4E90ED36D242}.AppStore|iPhoneSimulator.ActiveCfg = Release|Any CPU
		{CFF500B8-DCEE-4AB9-B0A2-4E90ED36D242}.AppStore|iPhoneSimulator.Build.0 = Release|Any CPU
		{CFF500B8-DCEE-4AB9-B0A2-4E90ED36D242}.AppStore|iPhoneSimulator.Deploy.0 = Release|Any CPU
		{CFF500B8-DCEE-4AB9-B0A2-4E90ED36D242}.Debug|Any CPU.ActiveCfg = Debug|Any CPU
		{CFF500B8-DCEE-4AB9-B0A2-4E90ED36D242}.Debug|Any CPU.Build.0 = Debug|Any CPU
		{CFF500B8-DCEE-4AB9-B0A2-4E90ED36D242}.Debug|Any CPU.Deploy.0 = Debug|Any CPU
		{CFF500B8-DCEE-4AB9-B0A2-4E90ED36D242}.Debug|iPhone.ActiveCfg = Debug|Any CPU
		{CFF500B8-DCEE-4AB9-B0A2-4E90ED36D242}.Debug|iPhone.Build.0 = Debug|Any CPU
		{CFF500B8-DCEE-4AB9-B0A2-4E90ED36D242}.Debug|iPhone.Deploy.0 = Debug|Any CPU
		{CFF500B8-DCEE-4AB9-B0A2-4E90ED36D242}.Debug|iPhoneSimulator.ActiveCfg = Debug|Any CPU
		{CFF500B8-DCEE-4AB9-B0A2-4E90ED36D242}.Debug|iPhoneSimulator.Build.0 = Debug|Any CPU
		{CFF500B8-DCEE-4AB9-B0A2-4E90ED36D242}.Debug|iPhoneSimulator.Deploy.0 = Debug|Any CPU
		{CFF500B8-DCEE-4AB9-B0A2-4E90ED36D242}.Release|Any CPU.ActiveCfg = Release|Any CPU
		{CFF500B8-DCEE-4AB9-B0A2-4E90ED36D242}.Release|Any CPU.Build.0 = Release|Any CPU
		{CFF500B8-DCEE-4AB9-B0A2-4E90ED36D242}.Release|Any CPU.Deploy.0 = Release|Any CPU
		{CFF500B8-DCEE-4AB9-B0A2-4E90ED36D242}.Release|iPhone.ActiveCfg = Release|Any CPU
		{CFF500B8-DCEE-4AB9-B0A2-4E90ED36D242}.Release|iPhone.Build.0 = Release|Any CPU
		{CFF500B8-DCEE-4AB9-B0A2-4E90ED36D242}.Release|iPhone.Deploy.0 = Release|Any CPU
		{CFF500B8-DCEE-4AB9-B0A2-4E90ED36D242}.Release|iPhoneSimulator.ActiveCfg = Release|Any CPU
		{CFF500B8-DCEE-4AB9-B0A2-4E90ED36D242}.Release|iPhoneSimulator.Build.0 = Release|Any CPU
		{CFF500B8-DCEE-4AB9-B0A2-4E90ED36D242}.Release|iPhoneSimulator.Deploy.0 = Release|Any CPU
		{CDA8038E-7472-40AC-89ED-F9F8122D5294}.Ad-Hoc|Any CPU.ActiveCfg = Ad-Hoc|iPhone
		{CDA8038E-7472-40AC-89ED-F9F8122D5294}.Ad-Hoc|iPhone.ActiveCfg = Ad-Hoc|iPhone
		{CDA8038E-7472-40AC-89ED-F9F8122D5294}.Ad-Hoc|iPhone.Build.0 = Ad-Hoc|iPhone
		{CDA8038E-7472-40AC-89ED-F9F8122D5294}.Ad-Hoc|iPhoneSimulator.ActiveCfg = Ad-Hoc|iPhoneSimulator
		{CDA8038E-7472-40AC-89ED-F9F8122D5294}.Ad-Hoc|iPhoneSimulator.Build.0 = Ad-Hoc|iPhoneSimulator
		{CDA8038E-7472-40AC-89ED-F9F8122D5294}.AppStore|Any CPU.ActiveCfg = AppStore|iPhone
		{CDA8038E-7472-40AC-89ED-F9F8122D5294}.AppStore|iPhone.ActiveCfg = AppStore|iPhone
		{CDA8038E-7472-40AC-89ED-F9F8122D5294}.AppStore|iPhone.Build.0 = AppStore|iPhone
		{CDA8038E-7472-40AC-89ED-F9F8122D5294}.AppStore|iPhoneSimulator.ActiveCfg = AppStore|iPhoneSimulator
		{CDA8038E-7472-40AC-89ED-F9F8122D5294}.AppStore|iPhoneSimulator.Build.0 = AppStore|iPhoneSimulator
		{CDA8038E-7472-40AC-89ED-F9F8122D5294}.Debug|Any CPU.ActiveCfg = Debug|iPhone
		{CDA8038E-7472-40AC-89ED-F9F8122D5294}.Debug|iPhone.ActiveCfg = Debug|iPhone
		{CDA8038E-7472-40AC-89ED-F9F8122D5294}.Debug|iPhone.Build.0 = Debug|iPhone
		{CDA8038E-7472-40AC-89ED-F9F8122D5294}.Debug|iPhoneSimulator.ActiveCfg = Debug|iPhoneSimulator
		{CDA8038E-7472-40AC-89ED-F9F8122D5294}.Debug|iPhoneSimulator.Build.0 = Debug|iPhoneSimulator
		{CDA8038E-7472-40AC-89ED-F9F8122D5294}.Release|Any CPU.ActiveCfg = Release|iPhone
		{CDA8038E-7472-40AC-89ED-F9F8122D5294}.Release|iPhone.ActiveCfg = Release|iPhone
		{CDA8038E-7472-40AC-89ED-F9F8122D5294}.Release|iPhone.Build.0 = Release|iPhone
		{CDA8038E-7472-40AC-89ED-F9F8122D5294}.Release|iPhoneSimulator.ActiveCfg = Release|iPhoneSimulator
		{CDA8038E-7472-40AC-89ED-F9F8122D5294}.Release|iPhoneSimulator.Build.0 = Release|iPhoneSimulator
		{F245D332-591A-4B29-83D7-C9DEEDABD552}.Ad-Hoc|Any CPU.ActiveCfg = Debug|Any CPU
		{F245D332-591A-4B29-83D7-C9DEEDABD552}.Ad-Hoc|Any CPU.Build.0 = Debug|Any CPU
		{F245D332-591A-4B29-83D7-C9DEEDABD552}.Ad-Hoc|iPhone.ActiveCfg = Debug|Any CPU
		{F245D332-591A-4B29-83D7-C9DEEDABD552}.Ad-Hoc|iPhone.Build.0 = Debug|Any CPU
		{F245D332-591A-4B29-83D7-C9DEEDABD552}.Ad-Hoc|iPhoneSimulator.ActiveCfg = Debug|Any CPU
		{F245D332-591A-4B29-83D7-C9DEEDABD552}.Ad-Hoc|iPhoneSimulator.Build.0 = Debug|Any CPU
		{F245D332-591A-4B29-83D7-C9DEEDABD552}.AppStore|Any CPU.ActiveCfg = Debug|Any CPU
		{F245D332-591A-4B29-83D7-C9DEEDABD552}.AppStore|Any CPU.Build.0 = Debug|Any CPU
		{F245D332-591A-4B29-83D7-C9DEEDABD552}.AppStore|iPhone.ActiveCfg = Debug|Any CPU
		{F245D332-591A-4B29-83D7-C9DEEDABD552}.AppStore|iPhone.Build.0 = Debug|Any CPU
		{F245D332-591A-4B29-83D7-C9DEEDABD552}.AppStore|iPhoneSimulator.ActiveCfg = Debug|Any CPU
		{F245D332-591A-4B29-83D7-C9DEEDABD552}.AppStore|iPhoneSimulator.Build.0 = Debug|Any CPU
		{F245D332-591A-4B29-83D7-C9DEEDABD552}.Debug|Any CPU.ActiveCfg = Debug|Any CPU
		{F245D332-591A-4B29-83D7-C9DEEDABD552}.Debug|Any CPU.Build.0 = Debug|Any CPU
		{F245D332-591A-4B29-83D7-C9DEEDABD552}.Debug|iPhone.ActiveCfg = Debug|Any CPU
		{F245D332-591A-4B29-83D7-C9DEEDABD552}.Debug|iPhone.Build.0 = Debug|Any CPU
		{F245D332-591A-4B29-83D7-C9DEEDABD552}.Debug|iPhoneSimulator.ActiveCfg = Debug|Any CPU
		{F245D332-591A-4B29-83D7-C9DEEDABD552}.Debug|iPhoneSimulator.Build.0 = Debug|Any CPU
		{F245D332-591A-4B29-83D7-C9DEEDABD552}.Release|Any CPU.ActiveCfg = Release|Any CPU
		{F245D332-591A-4B29-83D7-C9DEEDABD552}.Release|Any CPU.Build.0 = Release|Any CPU
		{F245D332-591A-4B29-83D7-C9DEEDABD552}.Release|iPhone.ActiveCfg = Release|Any CPU
		{F245D332-591A-4B29-83D7-C9DEEDABD552}.Release|iPhone.Build.0 = Release|Any CPU
		{F245D332-591A-4B29-83D7-C9DEEDABD552}.Release|iPhoneSimulator.ActiveCfg = Release|Any CPU
		{F245D332-591A-4B29-83D7-C9DEEDABD552}.Release|iPhoneSimulator.Build.0 = Release|Any CPU
	EndGlobalSection
	GlobalSection(SolutionProperties) = preSolution
		HideSolutionNode = FALSE
	EndGlobalSection
	GlobalSection(ExtensibilityGlobals) = postSolution
		SolutionGuid = {779CC3C2-A195-401A-A38C-141B1C80EBA7}
	EndGlobalSection
EndGlobal
